// !$*UTF8*$!
{
	archiveVersion = 1;
	classes = {
	};
	objectVersion = 46;
	objects = {

/* Begin PBXBuildFile section */
		450DF6951C2A75C600EDCD59 /* AppDelegate.swift in Sources */ = {isa = PBXBuildFile; fileRef = 450DF6941C2A75C600EDCD59 /* AppDelegate.swift */; };
		450DF6971C2A75C600EDCD59 /* ViewController.swift in Sources */ = {isa = PBXBuildFile; fileRef = 450DF6961C2A75C600EDCD59 /* ViewController.swift */; };
		450DF69A1C2A75C600EDCD59 /* Main.storyboard in Resources */ = {isa = PBXBuildFile; fileRef = 450DF6981C2A75C600EDCD59 /* Main.storyboard */; };
		450DF69D1C2A75C600EDCD59 /* To_Do_List.xcdatamodeld in Sources */ = {isa = PBXBuildFile; fileRef = 450DF69B1C2A75C600EDCD59 /* To_Do_List.xcdatamodeld */; };
		450DF69F1C2A75C600EDCD59 /* Assets.xcassets in Resources */ = {isa = PBXBuildFile; fileRef = 450DF69E1C2A75C600EDCD59 /* Assets.xcassets */; };
		450DF6A21C2A75C600EDCD59 /* LaunchScreen.storyboard in Resources */ = {isa = PBXBuildFile; fileRef = 450DF6A01C2A75C600EDCD59 /* LaunchScreen.storyboard */; };
/* End PBXBuildFile section */

/* Begin PBXFileReference section */
		450DF6911C2A75C600EDCD59 /* To-Do-List.app */ = {isa = PBXFileReference; explicitFileType = wrapper.application; includeInIndex = 0; path = "To-Do-List.app"; sourceTree = BUILT_PRODUCTS_DIR; };
		450DF6941C2A75C600EDCD59 /* AppDelegate.swift */ = {isa = PBXFileReference; lastKnownFileType = sourcecode.swift; path = AppDelegate.swift; sourceTree = "<group>"; };
		450DF6961C2A75C600EDCD59 /* ViewController.swift */ = {isa = PBXFileReference; lastKnownFileType = sourcecode.swift; path = ViewController.swift; sourceTree = "<group>"; };
		450DF6991C2A75C600EDCD59 /* Base */ = {isa = PBXFileReference; lastKnownFileType = file.storyboard; name = Base; path = Base.lproj/Main.storyboard; sourceTree = "<group>"; };
		450DF69C1C2A75C600EDCD59 /* To_Do_List.xcdatamodel */ = {isa = PBXFileReference; lastKnownFileType = wrapper.xcdatamodel; path = To_Do_List.xcdatamodel; sourceTree = "<group>"; };
		450DF69E1C2A75C600EDCD59 /* Assets.xcassets */ = {isa = PBXFileReference; lastKnownFileType = folder.assetcatalog; path = Assets.xcassets; sourceTree = "<group>"; };
		450DF6A11C2A75C600EDCD59 /* Base */ = {isa = PBXFileReference; lastKnownFileType = file.storyboard; name = Base; path = Base.lproj/LaunchScreen.storyboard; sourceTree = "<group>"; };
		450DF6A31C2A75C600EDCD59 /* Info.plist */ = {isa = PBXFileReference; lastKnownFileType = text.plist.xml; path = Info.plist; sourceTree = "<group>"; };
/* End PBXFileReference section */

/* Begin PBXFrameworksBuildPhase section */
		450DF68E1C2A75C600EDCD59 /* Frameworks */ = {
			isa = PBXFrameworksBuildPhase;
			buildActionMask = 2147483647;
			files = (
			);
			runOnlyForDeploymentPostprocessing = 0;
		};
/* End PBXFrameworksBuildPhase section */

/* Begin PBXGroup section */
		450DF6881C2A75C600EDCD59 = {
			isa = PBXGroup;
			children = (
				450DF6931C2A75C600EDCD59 /* To-Do-List */,
				450DF6921C2A75C600EDCD59 /* Products */,
			);
			sourceTree = "<group>";
		};
		450DF6921C2A75C600EDCD59 /* Products */ = {
			isa = PBXGroup;
			children = (
				450DF6911C2A75C600EDCD59 /* To-Do-List.app */,
			);
			name = Products;
			sourceTree = "<group>";
		};
		450DF6931C2A75C600EDCD59 /* To-Do-List */ = {
			isa = PBXGroup;
			children = (
				450DF6941C2A75C600EDCD59 /* AppDelegate.swift */,
				450DF6961C2A75C600EDCD59 /* ViewController.swift */,
				450DF6981C2A75C600EDCD59 /* Main.storyboard */,
				450DF69E1C2A75C600EDCD59 /* Assets.xcassets */,
				450DF6A01C2A75C600EDCD59 /* LaunchScreen.storyboard */,
				450DF6A31C2A75C600EDCD59 /* Info.plist */,
				450DF69B1C2A75C600EDCD59 /* To_Do_List.xcdatamodeld */,
			);
			path = "To-Do-List";
			sourceTree = "<group>";
		};
/* End PBXGroup section */

/* Begin PBXNativeTarget section */
		450DF6901C2A75C600EDCD59 /* To-Do-List */ = {
			isa = PBXNativeTarget;
			buildConfigurationList = 450DF6A61C2A75C600EDCD59 /* Build configuration list for PBXNativeTarget "To-Do-List" */;
			buildPhases = (
				450DF68D1C2A75C600EDCD59 /* Sources */,
				450DF68E1C2A75C600EDCD59 /* Frameworks */,
				450DF68F1C2A75C600EDCD59 /* Resources */,
			);
			buildRules = (
			);
			dependencies = (
			);
			name = "To-Do-List";
			productName = "To-Do-List";
			productReference = 450DF6911C2A75C600EDCD59 /* To-Do-List.app */;
			productType = "com.apple.product-type.application";
		};
/* End PBXNativeTarget section */

/* Begin PBXProject section */
		450DF6891C2A75C600EDCD59 /* Project object */ = {
			isa = PBXProject;
			attributes = {
				LastSwiftUpdateCheck = 0720;
				LastUpgradeCheck = 0720;
				ORGANIZATIONNAME = "Chase Drum";
				TargetAttributes = {
					450DF6901C2A75C600EDCD59 = {
						CreatedOnToolsVersion = 7.2;
					};
				};
			};
			buildConfigurationList = 450DF68C1C2A75C600EDCD59 /* Build configuration list for PBXProject "To-Do-List" */;
			compatibilityVersion = "Xcode 3.2";
			developmentRegion = English;
			hasScannedForEncodings = 0;
			knownRegions = (
				en,
				Base,
			);
			mainGroup = 450DF6881C2A75C600EDCD59;
			productRefGroup = 450DF6921C2A75C600EDCD59 /* Products */;
			projectDirPath = "";
			projectRoot = "";
			targets = (
				450DF6901C2A75C600EDCD59 /* To-Do-List */,
			);
		};
/* End PBXProject section */

/* Begin PBXResourcesBuildPhase section */
		450DF68F1C2A75C600EDCD59 /* Resources */ = {
			isa = PBXResourcesBuildPhase;
			buildActionMask = 2147483647;
			files = (
				450DF6A21C2A75C600EDCD59 /* LaunchScreen.storyboard in Resources */,
				450DF69F1C2A75C600EDCD59 /* Assets.xcassets in Resources */,
				450DF69A1C2A75C600EDCD59 /* Main.storyboard in Resources */,
			);
			runOnlyForDeploymentPostprocessing = 0;
		};
/* End PBXResourcesBuildPhase section */

/* Begin PBXSourcesBuildPhase section */
		450DF68D1C2A75C600EDCD59 /* Sources */ = {
			isa = PBXSourcesBuildPhase;
			buildActionMask = 2147483647;
			files = (
				450DF6971C2A75C600EDCD59 /* ViewController.swift in Sources */,
				450DF69D1C2A75C600EDCD59 /* To_Do_List.xcdatamodeld in Sources */,
				450DF6951C2A75C600EDCD59 /* AppDelegate.swift in Sources */,
			);
			runOnlyForDeploymentPostprocessing = 0;
		};
/* End PBXSourcesBuildPhase section */

/* Begin PBXVariantGroup section */
		450DF6981C2A75C600EDCD59 /* Main.storyboard */ = {
			isa = PBXVariantGroup;
			children = (
				450DF6991C2A75C600EDCD59 /* Base */,
			);
			name = Main.storyboard;
			sourceTree = "<group>";
		};
		450DF6A01C2A75C600EDCD59 /* LaunchScreen.storyboard */ = {
			isa = PBXVariantGroup;
			children = (
				450DF6A11C2A75C600EDCD59 /* Base */,
			);
			name = LaunchScreen.storyboard;
			sourceTree = "<group>";
		};
/* End PBXVariantGroup section */

/* Begin XCBuildConfiguration section */
		450DF6A41C2A75C600EDCD59 /* Debug */ = {
			isa = XCBuildConfiguration;
			buildSettings = {
				ALWAYS_SEARCH_USER_PATHS = NO;
				CLANG_CXX_LANGUAGE_STANDARD = "gnu++0x";
				CLANG_CXX_LIBRARY = "libc++";
				CLANG_ENABLE_MODULES = YES;
				CLANG_ENABLE_OBJC_ARC = YES;
				CLANG_WARN_BOOL_CONVERSION = YES;
				CLANG_WARN_CONSTANT_CONVERSION = YES;
				CLANG_WARN_DIRECT_OBJC_ISA_USAGE = YES_ERROR;
				CLANG_WARN_EMPTY_BODY = YES;
				CLANG_WARN_ENUM_CONVERSION = YES;
				CLANG_WARN_INT_CONVERSION = YES;
				CLANG_WARN_OBJC_ROOT_CLASS = YES_ERROR;
				CLANG_WARN_UNREACHABLE_CODE = YES;
				CLANG_WARN__DUPLICATE_METHOD_MATCH = YES;
				"CODE_SIGN_IDENTITY[sdk=iphoneos*]" = "iPhone Developer";
				COPY_PHASE_STRIP = NO;
				DEBUG_INFORMATION_FORMAT = dwarf;
				ENABLE_STRICT_OBJC_MSGSEND = YES;
				ENABLE_TESTABILITY = YES;
				GCC_C_LANGUAGE_STANDARD = gnu99;
				GCC_DYNAMIC_NO_PIC = NO;
				GCC_NO_COMMON_BLOCKS = YES;
				GCC_OPTIMIZATION_LEVEL = 0;
				GCC_PREPROCESSOR_DEFINITIONS = (
					"DEBUG=1",
					"$(inherited)",
				);
				GCC_WARN_64_TO_32_BIT_CONVERSION = YES;
				GCC_WARN_ABOUT_RETURN_TYPE = YES_ERROR;
				GCC_WARN_UNDECLARED_SELECTOR = YES;
				GCC_WARN_UNINITIALIZED_AUTOS = YES_AGGRESSIVE;
				GCC_WARN_UNUSED_FUNCTION = YES;
				GCC_WARN_UNUSED_VARIABLE = YES;
				IPHONEOS_DEPLOYMENT_TARGET = 9.2;
				MTL_ENABLE_DEBUG_INFO = YES;
				ONLY_ACTIVE_ARCH = YES;
				SDKROOT = iphoneos;
				SWIFT_OPTIMIZATION_LEVEL = "-Onone";
				TARGETED_DEVICE_FAMILY = "1,2";
			};
			name = Debug;
		};
		450DF6A51C2A75C600EDCD59 /* Release */ = {
			isa = XCBuildConfiguration;
			buildSettings = {
				ALWAYS_SEARCH_USER_PATHS = NO;
				CLANG_CXX_LANGUAGE_STANDARD = "gnu++0x";
				CLANG_CXX_LIBRARY = "libc++";
				CLANG_ENABLE_MODULES = YES;
				CLANG_ENABLE_OBJC_ARC = YES;
				CLANG_WARN_BOOL_CONVERSION = YES;
				CLANG_WARN_CONSTANT_CONVERSION = YES;
				CLANG_WARN_DIRECT_OBJC_ISA_USAGE = YES_ERROR;
				CLANG_WARN_EMPTY_BODY = YES;
				CLANG_WARN_ENUM_CONVERSION = YES;
				CLANG_WARN_INT_CONVERSION = YES;
				CLANG_WARN_OBJC_ROOT_CLASS = YES_ERROR;
				CLANG_WARN_UNREACHABLE_CODE = YES;
				CLANG_WARN__DUPLICATE_METHOD_MATCH = YES;
				"CODE_SIGN_IDENTITY[sdk=iphoneos*]" = "iPhone Developer";
				COPY_PHASE_STRIP = NO;
				DEBUG_INFORMATION_FORMAT = "dwarf-with-dsym";
				ENABLE_NS_ASSERTIONS = NO;
				ENABLE_STRICT_OBJC_MSGSEND = YES;
				GCC_C_LANGUAGE_STANDARD = gnu99;
				GCC_NO_COMMON_BLOCKS = YES;
				GCC_WARN_64_TO_32_BIT_CONVERSION = YES;
				GCC_WARN_ABOUT_RETURN_TYPE = YES_ERROR;
				GCC_WARN_UNDECLARED_SELECTOR = YES;
				GCC_WARN_UNINITIALIZED_AUTOS = YES_AGGRESSIVE;
				GCC_WARN_UNUSED_FUNCTION = YES;
				GCC_WARN_UNUSED_VARIABLE = YES;
				IPHONEOS_DEPLOYMENT_TARGET = 9.2;
				MTL_ENABLE_DEBUG_INFO = NO;
				SDKROOT = iphoneos;
				TARGETED_DEVICE_FAMILY = "1,2";
				VALIDATE_PRODUCT = YES;
			};
			name = Release;
		};
		450DF6A71C2A75C600EDCD59 /* Debug */ = {
			isa = XCBuildConfiguration;
			buildSettings = {
				ASSETCATALOG_COMPILER_APPICON_NAME = AppIcon;
				INFOPLIST_FILE = "To-Do-List/Info.plist";
				LD_RUNPATH_SEARCH_PATHS = "$(inherited) @executable_path/Frameworks";
				PRODUCT_BUNDLE_IDENTIFIER = "com.Chase.To-Do-List";
				PRODUCT_NAME = "$(TARGET_NAME)";
			};
			name = Debug;
		};
		450DF6A81C2A75C600EDCD59 /* Release */ = {
			isa = XCBuildConfiguration;
			buildSettings = {
				ASSETCATALOG_COMPILER_APPICON_NAME = AppIcon;
				INFOPLIST_FILE = "To-Do-List/Info.plist";
				LD_RUNPATH_SEARCH_PATHS = "$(inherited) @executable_path/Frameworks";
				PRODUCT_BUNDLE_IDENTIFIER = "com.Chase.To-Do-List";
				PRODUCT_NAME = "$(TARGET_NAME)";
			};
			name = Release;
		};
/* End XCBuildConfiguration section */

/* Begin XCConfigurationList section */
		450DF68C1C2A75C600EDCD59 /* Build configuration list for PBXProject "To-Do-List" */ = {
			isa = XCConfigurationList;
			buildConfigurations = (
				450DF6A41C2A75C600EDCD59 /* Debug */,
				450DF6A51C2A75C600EDCD59 /* Release */,
			);
			defaultConfigurationIsVisible = 0;
			defaultConfigurationName = Release;
		};
		450DF6A61C2A75C600EDCD59 /* Build configuration list for PBXNativeTarget "To-Do-List" */ = {
			isa = XCConfigurationList;
			buildConfigurations = (
				450DF6A71C2A75C600EDCD59 /* Debug */,
				450DF6A81C2A75C600EDCD59 /* Release */,
			);
			defaultConfigurationIsVisible = 0;
		};
/* End XCConfigurationList section */

/* Begin XCVersionGroup section */
		450DF69B1C2A75C600EDCD59 /* To_Do_List.xcdatamodeld */ = {
			isa = XCVersionGroup;
			children = (
				450DF69C1C2A75C600EDCD59 /* To_Do_List.xcdatamodel */,
			);
			currentVersion = 450DF69C1C2A75C600EDCD59 /* To_Do_List.xcdatamodel */;
			path = To_Do_List.xcdatamodeld;
			sourceTree = "<group>";
			versionGroupType = wrapper.xcdatamodel;
		};
/* End XCVersionGroup section */
	};
	rootObject = 450DF6891C2A75C600EDCD59 /* Project object */;
}
